Microsoft Visual Studio Solution File, Format Version 12.00
# Visual Studio Version 17
VisualStudioVersion = 17.5.2.0
MinimumVisualStudioVersion = 10.0.40219.1
Project("{2150E333-8FDC-42A3-9474-1A3956D46DE8}") = "backend", "backend", "{1AE8ACA6-933B-BF2A-3671-3E2EAC007D16}"
EndProject
Project("{FAE04EC0-301F-11D3-BF4B-00C04F79EFBC}") = "MtgTracker.Api", "backend\MtgTracker.Api.csproj", "{630CCF6D-3EBD-66DB-1EFC-2248955275BC}"
EndProject
Global
	GlobalSection(SolutionConfigurationPlatforms) = preSolution
		Debug|Any CPU = Debug|Any CPU
		Release|Any CPU = Release|Any CPU
	EndGlobalSection
	GlobalSection(ProjectConfigurationPlatforms) = postSolution
		{630CCF6D-3EBD-66DB-1EFC-2248955275BC}.Debug|Any CPU.ActiveCfg = Debug|Any CPU
		{630CCF6D-3EBD-66DB-1EFC-2248955275BC}.Debug|Any CPU.Build.0 = Debug|Any CPU
		{630CCF6D-3EBD-66DB-1EFC-2248955275BC}.Release|Any CPU.ActiveCfg = Release|Any CPU
		{630CCF6D-3EBD-66DB-1EFC-2248955275BC}.Release|Any CPU.Build.0 = Release|Any CPU
	EndGlobalSection
	GlobalSection(SolutionProperties) = preSolution
		HideSolutionNode = FALSE
	EndGlobalSection
	GlobalSection(NestedProjects) = preSolution
		{630CCF6D-3EBD-66DB-1EFC-2248955275BC} = {1AE8ACA6-933B-BF2A-3671-3E2EAC007D16}
	EndGlobalSection
	GlobalSection(ExtensibilityGlobals) = postSolution
		SolutionGuid = {25398011-3258-4F25-A95A-9A9B9C1AC51E}
	EndGlobalSection
EndGlobal
